
Microsoft Visual Studio Solution File, Format Version 11.00
# Visual Studio 2010
Project("{FAE04EC0-301F-11D3-BF4B-00C04F79EFBC}") = "Assembly-CSharp-firstpass", "Assembly-CSharp-firstpass.csproj", "{9f683a4c-365f-5263-1e8c-95dc1045312a}"
EndProject
Project("{FAE04EC0-301F-11D3-BF4B-00C04F79EFBC}") = "Assembly-CSharp", "Assembly-CSharp.csproj", "{11f0f1f8-b156-354d-a408-90e3a1b72fe1}"
EndProject
Global
	GlobalSection(SolutionConfigurationPlatforms) = preSolution
		Debug|Any CPU = Debug|Any CPU
	EndGlobalSection
	GlobalSection(ProjectConfigurationPlatforms) = postSolution
		{9f683a4c-365f-5263-1e8c-95dc1045312a}.Debug|Any CPU.ActiveCfg = Debug|Any CPU
		{9f683a4c-365f-5263-1e8c-95dc1045312a}.Debug|Any CPU.Build.0 = Debug|Any CPU
		{11f0f1f8-b156-354d-a408-90e3a1b72fe1}.Debug|Any CPU.ActiveCfg = Debug|Any CPU
		{11f0f1f8-b156-354d-a408-90e3a1b72fe1}.Debug|Any CPU.Build.0 = Debug|Any CPU
	EndGlobalSection
	GlobalSection(SolutionProperties) = preSolution
		HideSolutionNode = FALSE
	EndGlobalSection
EndGlobal
